// !$*UTF8*$!
{
	archiveVersion = 1;
	classes = {
	};
	objectVersion = 46;
	objects = {

/* Begin PBXBuildFile section */
		90143E321BCCE6660035B0DF /* AppDelegate.swift in Sources */ = {isa = PBXBuildFile; fileRef = 90143E311BCCE6660035B0DF /* AppDelegate.swift */; };
		90143E341BCCE6660035B0DF /* ViewController.swift in Sources */ = {isa = PBXBuildFile; fileRef = 90143E331BCCE6660035B0DF /* ViewController.swift */; };
		90143E371BCCE6660035B0DF /* Main.storyboard in Resources */ = {isa = PBXBuildFile; fileRef = 90143E351BCCE6660035B0DF /* Main.storyboard */; };
		90143E391BCCE6660035B0DF /* Assets.xcassets in Resources */ = {isa = PBXBuildFile; fileRef = 90143E381BCCE6660035B0DF /* Assets.xcassets */; };
		90143E3C1BCCE6660035B0DF /* LaunchScreen.storyboard in Resources */ = {isa = PBXBuildFile; fileRef = 90143E3A1BCCE6660035B0DF /* LaunchScreen.storyboard */; };
		90143E471BCCE6660035B0DF /* TextValidationTests.swift in Sources */ = {isa = PBXBuildFile; fileRef = 90143E461BCCE6660035B0DF /* TextValidationTests.swift */; };
		90143E521BCCE6660035B0DF /* TextValidationUITests.swift in Sources */ = {isa = PBXBuildFile; fileRef = 90143E511BCCE6660035B0DF /* TextValidationUITests.swift */; };
/* End PBXBuildFile section */

/* Begin PBXContainerItemProxy section */
		90143E431BCCE6660035B0DF /* PBXContainerItemProxy */ = {
			isa = PBXContainerItemProxy;
			containerPortal = 90143E261BCCE6660035B0DF /* Project object */;
			proxyType = 1;
			remoteGlobalIDString = 90143E2D1BCCE6660035B0DF;
			remoteInfo = TextValidation;
		};
		90143E4E1BCCE6660035B0DF /* PBXContainerItemProxy */ = {
			isa = PBXContainerItemProxy;
			containerPortal = 90143E261BCCE6660035B0DF /* Project object */;
			proxyType = 1;
			remoteGlobalIDString = 90143E2D1BCCE6660035B0DF;
			remoteInfo = TextValidation;
		};
/* End PBXContainerItemProxy section */

/* Begin PBXFileReference section */
		90143E2E1BCCE6660035B0DF /* TextValidation.app */ = {isa = PBXFileReference; explicitFileType = wrapper.application; includeInIndex = 0; path = TextValidation.app; sourceTree = BUILT_PRODUCTS_DIR; };
		90143E311BCCE6660035B0DF /* AppDelegate.swift */ = {isa = PBXFileReference; lastKnownFileType = sourcecode.swift; path = AppDelegate.swift; sourceTree = "<group>"; };
		90143E331BCCE6660035B0DF /* ViewController.swift */ = {isa = PBXFileReference; lastKnownFileType = sourcecode.swift; path = ViewController.swift; sourceTree = "<group>"; };
		90143E361BCCE6660035B0DF /* Base */ = {isa = PBXFileReference; lastKnownFileType = file.storyboard; name = Base; path = Base.lproj/Main.storyboard; sourceTree = "<group>"; };
		90143E381BCCE6660035B0DF /* Assets.xcassets */ = {isa = PBXFileReference; lastKnownFileType = folder.assetcatalog; path = Assets.xcassets; sourceTree = "<group>"; };
		90143E3B1BCCE6660035B0DF /* Base */ = {isa = PBXFileReference; lastKnownFileType = file.storyboard; name = Base; path = Base.lproj/LaunchScreen.storyboard; sourceTree = "<group>"; };
		90143E3D1BCCE6660035B0DF /* Info.plist */ = {isa = PBXFileReference; lastKnownFileType = text.plist.xml; path = Info.plist; sourceTree = "<group>"; };
		90143E421BCCE6660035B0DF /* TextValidationTests.xctest */ = {isa = PBXFileReference; explicitFileType = wrapper.cfbundle; includeInIndex = 0; path = TextValidationTests.xctest; sourceTree = BUILT_PRODUCTS_DIR; };
		90143E461BCCE6660035B0DF /* TextValidationTests.swift */ = {isa = PBXFileReference; lastKnownFileType = sourcecode.swift; path = TextValidationTests.swift; sourceTree = "<group>"; };
		90143E481BCCE6660035B0DF /* Info.plist */ = {isa = PBXFileReference; lastKnownFileType = text.plist.xml; path = Info.plist; sourceTree = "<group>"; };
		90143E4D1BCCE6660035B0DF /* TextValidationUITests.xctest */ = {isa = PBXFileReference; explicitFileType = wrapper.cfbundle; includeInIndex = 0; path = TextValidationUITests.xctest; sourceTree = BUILT_PRODUCTS_DIR; };
		90143E511BCCE6660035B0DF /* TextValidationUITests.swift */ = {isa = PBXFileReference; lastKnownFileType = sourcecode.swift; path = TextValidationUITests.swift; sourceTree = "<group>"; };
		90143E531BCCE6660035B0DF /* Info.plist */ = {isa = PBXFileReference; lastKnownFileType = text.plist.xml; path = Info.plist; sourceTree = "<group>"; };
/* End PBXFileReference section */

/* Begin PBXFrameworksBuildPhase section */
		90143E2B1BCCE6660035B0DF /* Frameworks */ = {
			isa = PBXFrameworksBuildPhase;
			buildActionMask = 2147483647;
			files = (
			);
			runOnlyForDeploymentPostprocessing = 0;
		};
		90143E3F1BCCE6660035B0DF /* Frameworks */ = {
			isa = PBXFrameworksBuildPhase;
			buildActionMask = 2147483647;
			files = (
			);
			runOnlyForDeploymentPostprocessing = 0;
		};
		90143E4A1BCCE6660035B0DF /* Frameworks */ = {
			isa = PBXFrameworksBuildPhase;
			buildActionMask = 2147483647;
			files = (
			);
			runOnlyForDeploymentPostprocessing = 0;
		};
/* End PBXFrameworksBuildPhase section */

/* Begin PBXGroup section */
		90143E251BCCE6660035B0DF = {
			isa = PBXGroup;
			children = (
				90143E301BCCE6660035B0DF /* TextValidation */,
				90143E451BCCE6660035B0DF /* TextValidationTests */,
				90143E501BCCE6660035B0DF /* TextValidationUITests */,
				90143E2F1BCCE6660035B0DF /* Products */,
			);
			sourceTree = "<group>";
		};
		90143E2F1BCCE6660035B0DF /* Products */ = {
			isa = PBXGroup;
			children = (
				90143E2E1BCCE6660035B0DF /* TextValidation.app */,
				90143E421BCCE6660035B0DF /* TextValidationTests.xctest */,
				90143E4D1BCCE6660035B0DF /* TextValidationUITests.xctest */,
			);
			name = Products;
			sourceTree = "<group>";
		};
		90143E301BCCE6660035B0DF /* TextValidation */ = {
			isa = PBXGroup;
			children = (
				90143E311BCCE6660035B0DF /* AppDelegate.swift */,
				90143E331BCCE6660035B0DF /* ViewController.swift */,
				90143E351BCCE6660035B0DF /* Main.storyboard */,
				90143E381BCCE6660035B0DF /* Assets.xcassets */,
				90143E3A1BCCE6660035B0DF /* LaunchScreen.storyboard */,
				90143E3D1BCCE6660035B0DF /* Info.plist */,
			);
			path = TextValidation;
			sourceTree = "<group>";
		};
		90143E451BCCE6660035B0DF /* TextValidationTests */ = {
			isa = PBXGroup;
			children = (
				90143E461BCCE6660035B0DF /* TextValidationTests.swift */,
				90143E481BCCE6660035B0DF /* Info.plist */,
			);
			path = TextValidationTests;
			sourceTree = "<group>";
		};
		90143E501BCCE6660035B0DF /* TextValidationUITests */ = {
			isa = PBXGroup;
			children = (
				90143E511BCCE6660035B0DF /* TextValidationUITests.swift */,
				90143E531BCCE6660035B0DF /* Info.plist */,
			);
			path = TextValidationUITests;
			sourceTree = "<group>";
		};
/* End PBXGroup section */

/* Begin PBXNativeTarget section */
		90143E2D1BCCE6660035B0DF /* TextValidation */ = {
			isa = PBXNativeTarget;
			buildConfigurationList = 90143E561BCCE6660035B0DF /* Build configuration list for PBXNativeTarget "TextValidation" */;
			buildPhases = (
				90143E2A1BCCE6660035B0DF /* Sources */,
				90143E2B1BCCE6660035B0DF /* Frameworks */,
				90143E2C1BCCE6660035B0DF /* Resources */,
			);
			buildRules = (
			);
			dependencies = (
			);
			name = TextValidation;
			productName = TextValidation;
			productReference = 90143E2E1BCCE6660035B0DF /* TextValidation.app */;
			productType = "com.apple.product-type.application";
		};
		90143E411BCCE6660035B0DF /* TextValidationTests */ = {
			isa = PBXNativeTarget;
			buildConfigurationList = 90143E591BCCE6660035B0DF /* Build configuration list for PBXNativeTarget "TextValidationTests" */;
			buildPhases = (
				90143E3E1BCCE6660035B0DF /* Sources */,
				90143E3F1BCCE6660035B0DF /* Frameworks */,
				90143E401BCCE6660035B0DF /* Resources */,
			);
			buildRules = (
			);
			dependencies = (
				90143E441BCCE6660035B0DF /* PBXTargetDependency */,
			);
			name = TextValidationTests;
			productName = TextValidationTests;
			productReference = 90143E421BCCE6660035B0DF /* TextValidationTests.xctest */;
			productType = "com.apple.product-type.bundle.unit-test";
		};
		90143E4C1BCCE6660035B0DF /* TextValidationUITests */ = {
			isa = PBXNativeTarget;
			buildConfigurationList = 90143E5C1BCCE6660035B0DF /* Build configuration list for PBXNativeTarget "TextValidationUITests" */;
			buildPhases = (
				90143E491BCCE6660035B0DF /* Sources */,
				90143E4A1BCCE6660035B0DF /* Frameworks */,
				90143E4B1BCCE6660035B0DF /* Resources */,
			);
			buildRules = (
			);
			dependencies = (
				90143E4F1BCCE6660035B0DF /* PBXTargetDependency */,
			);
			name = TextValidationUITests;
			productName = TextValidationUITests;
			productReference = 90143E4D1BCCE6660035B0DF /* TextValidationUITests.xctest */;
			productType = "com.apple.product-type.bundle.ui-testing";
		};
/* End PBXNativeTarget section */

/* Begin PBXProject section */
		90143E261BCCE6660035B0DF /* Project object */ = {
			isa = PBXProject;
			attributes = {
				LastUpgradeCheck = 0710;
				ORGANIZATIONNAME = "dilip chaurasiya";
				TargetAttributes = {
					90143E2D1BCCE6660035B0DF = {
						CreatedOnToolsVersion = 7.1;
					};
					90143E411BCCE6660035B0DF = {
						CreatedOnToolsVersion = 7.1;
						TestTargetID = 90143E2D1BCCE6660035B0DF;
					};
					90143E4C1BCCE6660035B0DF = {
						CreatedOnToolsVersion = 7.1;
						TestTargetID = 90143E2D1BCCE6660035B0DF;
					};
				};
			};
			buildConfigurationList = 90143E291BCCE6660035B0DF /* Build configuration list for PBXProject "TextValidation" */;
			compatibilityVersion = "Xcode 3.2";
			developmentRegion = English;
			hasScannedForEncodings = 0;
			knownRegions = (
				en,
				Base,
			);
			mainGroup = 90143E251BCCE6660035B0DF;
			productRefGroup = 90143E2F1BCCE6660035B0DF /* Products */;
			projectDirPath = "";
			projectRoot = "";
			targets = (
				90143E2D1BCCE6660035B0DF /* TextValidation */,
				90143E411BCCE6660035B0DF /* TextValidationTests */,
				90143E4C1BCCE6660035B0DF /* TextValidationUITests */,
			);
		};
/* End PBXProject section */

/* Begin PBXResourcesBuildPhase section */
		90143E2C1BCCE6660035B0DF /* Resources */ = {
			isa = PBXResourcesBuildPhase;
			buildActionMask = 2147483647;
			files = (
				90143E3C1BCCE6660035B0DF /* LaunchScreen.storyboard in Resources */,
				90143E391BCCE6660035B0DF /* Assets.xcassets in Resources */,
				90143E371BCCE6660035B0DF /* Main.storyboard in Resources */,
			);
			runOnlyForDeploymentPostprocessing = 0;
		};
		90143E401BCCE6660035B0DF /* Resources */ = {
			isa = PBXResourcesBuildPhase;
			buildActionMask = 2147483647;
			files = (
			);
			runOnlyForDeploymentPostprocessing = 0;
		};
		90143E4B1BCCE6660035B0DF /* Resources */ = {
			isa = PBXResourcesBuildPhase;
			buildActionMask = 2147483647;
			files = (
			);
			runOnlyForDeploymentPostprocessing = 0;
		};
/* End PBXResourcesBuildPhase section */

/* Begin PBXSourcesBuildPhase section */
		90143E2A1BCCE6660035B0DF /* Sources */ = {
			isa = PBXSourcesBuildPhase;
			buildActionMask = 2147483647;
			files = (
				90143E341BCCE6660035B0DF /* ViewController.swift in Sources */,
				90143E321BCCE6660035B0DF /* AppDelegate.swift in Sources */,
			);
			runOnlyForDeploymentPostprocessing = 0;
		};
		90143E3E1BCCE6660035B0DF /* Sources */ = {
			isa = PBXSourcesBuildPhase;
			buildActionMask = 2147483647;
			files = (
				90143E471BCCE6660035B0DF /* TextValidationTests.swift in Sources */,
			);
			runOnlyForDeploymentPostprocessing = 0;
		};
		90143E491BCCE6660035B0DF /* Sources */ = {
			isa = PBXSourcesBuildPhase;
			buildActionMask = 2147483647;
			files = (
				90143E521BCCE6660035B0DF /* TextValidationUITests.swift in Sources */,
			);
			runOnlyForDeploymentPostprocessing = 0;
		};
/* End PBXSourcesBuildPhase section */

/* Begin PBXTargetDependency section */
		90143E441BCCE6660035B0DF /* PBXTargetDependency */ = {
			isa = PBXTargetDependency;
			target = 90143E2D1BCCE6660035B0DF /* TextValidation */;
			targetProxy = 90143E431BCCE6660035B0DF /* PBXContainerItemProxy */;
		};
		90143E4F1BCCE6660035B0DF /* PBXTargetDependency */ = {
			isa = PBXTargetDependency;
			target = 90143E2D1BCCE6660035B0DF /* TextValidation */;
			targetProxy = 90143E4E1BCCE6660035B0DF /* PBXContainerItemProxy */;
		};
/* End PBXTargetDependency section */

/* Begin PBXVariantGroup section */
		90143E351BCCE6660035B0DF /* Main.storyboard */ = {
			isa = PBXVariantGroup;
			children = (
				90143E361BCCE6660035B0DF /* Base */,
			);
			name = Main.storyboard;
			sourceTree = "<group>";
		};
		90143E3A1BCCE6660035B0DF /* LaunchScreen.storyboard */ = {
			isa = PBXVariantGroup;
			children = (
				90143E3B1BCCE6660035B0DF /* Base */,
			);
			name = LaunchScreen.storyboard;
			sourceTree = "<group>";
		};
/* End PBXVariantGroup section */

/* Begin XCBuildConfiguration section */
		90143E541BCCE6660035B0DF /* Debug */ = {
			isa = XCBuildConfiguration;
			buildSettings = {
				ALWAYS_SEARCH_USER_PATHS = NO;
				CLANG_CXX_LANGUAGE_STANDARD = "gnu++0x";
				CLANG_CXX_LIBRARY = "libc++";
				CLANG_ENABLE_MODULES = YES;
				CLANG_ENABLE_OBJC_ARC = YES;
				CLANG_WARN_BOOL_CONVERSION = YES;
				CLANG_WARN_CONSTANT_CONVERSION = YES;
				CLANG_WARN_DIRECT_OBJC_ISA_USAGE = YES_ERROR;
				CLANG_WARN_EMPTY_BODY = YES;
				CLANG_WARN_ENUM_CONVERSION = YES;
				CLANG_WARN_INT_CONVERSION = YES;
				CLANG_WARN_OBJC_ROOT_CLASS = YES_ERROR;
				CLANG_WARN_UNREACHABLE_CODE = YES;
				CLANG_WARN__DUPLICATE_METHOD_MATCH = YES;
				"CODE_SIGN_IDENTITY[sdk=iphoneos*]" = "iPhone Developer";
				COPY_PHASE_STRIP = NO;
				DEBUG_INFORMATION_FORMAT = dwarf;
				ENABLE_STRICT_OBJC_MSGSEND = YES;
				ENABLE_TESTABILITY = YES;
				GCC_C_LANGUAGE_STANDARD = gnu99;
				GCC_DYNAMIC_NO_PIC = NO;
				GCC_NO_COMMON_BLOCKS = YES;
				GCC_OPTIMIZATION_LEVEL = 0;
				GCC_PREPROCESSOR_DEFINITIONS = (
					"DEBUG=1",
					"$(inherited)",
				);
				GCC_WARN_64_TO_32_BIT_CONVERSION = YES;
				GCC_WARN_ABOUT_RETURN_TYPE = YES_ERROR;
				GCC_WARN_UNDECLARED_SELECTOR = YES;
				GCC_WARN_UNINITIALIZED_AUTOS = YES_AGGRESSIVE;
				GCC_WARN_UNUSED_FUNCTION = YES;
				GCC_WARN_UNUSED_VARIABLE = YES;
				IPHONEOS_DEPLOYMENT_TARGET = 9.1;
				MTL_ENABLE_DEBUG_INFO = YES;
				ONLY_ACTIVE_ARCH = YES;
				SDKROOT = iphoneos;
				SWIFT_OPTIMIZATION_LEVEL = "-Onone";
				TARGETED_DEVICE_FAMILY = "1,2";
			};
			name = Debug;
		};
		90143E551BCCE6660035B0DF /* Release */ = {
			isa = XCBuildConfiguration;
			buildSettings = {
				ALWAYS_SEARCH_USER_PATHS = NO;
				CLANG_CXX_LANGUAGE_STANDARD = "gnu++0x";
				CLANG_CXX_LIBRARY = "libc++";
				CLANG_ENABLE_MODULES = YES;
				CLANG_ENABLE_OBJC_ARC = YES;
				CLANG_WARN_BOOL_CONVERSION = YES;
				CLANG_WARN_CONSTANT_CONVERSION = YES;
				CLANG_WARN_DIRECT_OBJC_ISA_USAGE = YES_ERROR;
				CLANG_WARN_EMPTY_BODY = YES;
				CLANG_WARN_ENUM_CONVERSION = YES;
				CLANG_WARN_INT_CONVERSION = YES;
				CLANG_WARN_OBJC_ROOT_CLASS = YES_ERROR;
				CLANG_WARN_UNREACHABLE_CODE = YES;
				CLANG_WARN__DUPLICATE_METHOD_MATCH = YES;
				"CODE_SIGN_IDENTITY[sdk=iphoneos*]" = "iPhone Developer";
				COPY_PHASE_STRIP = NO;
				DEBUG_INFORMATION_FORMAT = "dwarf-with-dsym";
				ENABLE_NS_ASSERTIONS = NO;
				ENABLE_STRICT_OBJC_MSGSEND = YES;
				GCC_C_LANGUAGE_STANDARD = gnu99;
				GCC_NO_COMMON_BLOCKS = YES;
				GCC_WARN_64_TO_32_BIT_CONVERSION = YES;
				GCC_WARN_ABOUT_RETURN_TYPE = YES_ERROR;
				GCC_WARN_UNDECLARED_SELECTOR = YES;
				GCC_WARN_UNINITIALIZED_AUTOS = YES_AGGRESSIVE;
				GCC_WARN_UNUSED_FUNCTION = YES;
				GCC_WARN_UNUSED_VARIABLE = YES;
				IPHONEOS_DEPLOYMENT_TARGET = 9.1;
				MTL_ENABLE_DEBUG_INFO = NO;
				SDKROOT = iphoneos;
				TARGETED_DEVICE_FAMILY = "1,2";
				VALIDATE_PRODUCT = YES;
			};
			name = Release;
		};
		90143E571BCCE6660035B0DF /* Debug */ = {
			isa = XCBuildConfiguration;
			buildSettings = {
				ASSETCATALOG_COMPILER_APPICON_NAME = AppIcon;
				INFOPLIST_FILE = TextValidation/Info.plist;
				LD_RUNPATH_SEARCH_PATHS = "$(inherited) @executable_path/Frameworks";
				PRODUCT_BUNDLE_IDENTIFIER = com.dilip.TextValidation;
				PRODUCT_NAME = "$(TARGET_NAME)";
			};
			name = Debug;
		};
		90143E581BCCE6660035B0DF /* Release */ = {
			isa = XCBuildConfiguration;
			buildSettings = {
				ASSETCATALOG_COMPILER_APPICON_NAME = AppIcon;
				INFOPLIST_FILE = TextValidation/Info.plist;
				LD_RUNPATH_SEARCH_PATHS = "$(inherited) @executable_path/Frameworks";
				PRODUCT_BUNDLE_IDENTIFIER = com.dilip.TextValidation;
				PRODUCT_NAME = "$(TARGET_NAME)";
			};
			name = Release;
		};
		90143E5A1BCCE6660035B0DF /* Debug */ = {
			isa = XCBuildConfiguration;
			buildSettings = {
				BUNDLE_LOADER = "$(TEST_HOST)";
				INFOPLIST_FILE = TextValidationTests/Info.plist;
				LD_RUNPATH_SEARCH_PATHS = "$(inherited) @executable_path/Frameworks @loader_path/Frameworks";
				PRODUCT_BUNDLE_IDENTIFIER = com.dilip.TextValidationTests;
				PRODUCT_NAME = "$(TARGET_NAME)";
				TEST_HOST = "$(BUILT_PRODUCTS_DIR)/TextValidation.app/TextValidation";
			};
			name = Debug;
		};
		90143E5B1BCCE6660035B0DF /* Release */ = {
			isa = XCBuildConfiguration;
			buildSettings = {
				BUNDLE_LOADER = "$(TEST_HOST)";
				INFOPLIST_FILE = TextValidationTests/Info.plist;
				LD_RUNPATH_SEARCH_PATHS = "$(inherited) @executable_path/Frameworks @loader_path/Frameworks";
				PRODUCT_BUNDLE_IDENTIFIER = com.dilip.TextValidationTests;
				PRODUCT_NAME = "$(TARGET_NAME)";
				TEST_HOST = "$(BUILT_PRODUCTS_DIR)/TextValidation.app/TextValidation";
			};
			name = Release;
		};
		90143E5D1BCCE6660035B0DF /* Debug */ = {
			isa = XCBuildConfiguration;
			buildSettings = {
				INFOPLIST_FILE = TextValidationUITests/Info.plist;
				LD_RUNPATH_SEARCH_PATHS = "$(inherited) @executable_path/Frameworks @loader_path/Frameworks";
				PRODUCT_BUNDLE_IDENTIFIER = com.dilip.TextValidationUITests;
				PRODUCT_NAME = "$(TARGET_NAME)";
				TEST_TARGET_NAME = TextValidation;
				USES_XCTRUNNER = YES;
			};
			name = Debug;
		};
		90143E5E1BCCE6660035B0DF /* Release */ = {
			isa = XCBuildConfiguration;
			buildSettings = {
				INFOPLIST_FILE = TextValidationUITests/Info.plist;
				LD_RUNPATH_SEARCH_PATHS = "$(inherited) @executable_path/Frameworks @loader_path/Frameworks";
				PRODUCT_BUNDLE_IDENTIFIER = com.dilip.TextValidationUITests;
				PRODUCT_NAME = "$(TARGET_NAME)";
				TEST_TARGET_NAME = TextValidation;
				USES_XCTRUNNER = YES;
			};
			name = Release;
		};
/* End XCBuildConfiguration section */

/* Begin XCConfigurationList section */
		90143E291BCCE6660035B0DF /* Build configuration list for PBXProject "TextValidation" */ = {
			isa = XCConfigurationList;
			buildConfigurations = (
				90143E541BCCE6660035B0DF /* Debug */,
				90143E551BCCE6660035B0DF /* Release */,
			);
			defaultConfigurationIsVisible = 0;
			defaultConfigurationName = Release;
		};
		90143E561BCCE6660035B0DF /* Build configuration list for PBXNativeTarget "TextValidation" */ = {
			isa = XCConfigurationList;
			buildConfigurations = (
				90143E571BCCE6660035B0DF /* Debug */,
				90143E581BCCE6660035B0DF /* Release */,
			);
			defaultConfigurationIsVisible = 0;
		};
		90143E591BCCE6660035B0DF /* Build configuration list for PBXNativeTarget "TextValidationTests" */ = {
			isa = XCConfigurationList;
			buildConfigurations = (
				90143E5A1BCCE6660035B0DF /* Debug */,
				90143E5B1BCCE6660035B0DF /* Release */,
			);
			defaultConfigurationIsVisible = 0;
		};
		90143E5C1BCCE6660035B0DF /* Build configuration list for PBXNativeTarget "TextValidationUITests" */ = {
			isa = XCConfigurationList;
			buildConfigurations = (
				90143E5D1BCCE6660035B0DF /* Debug */,
				90143E5E1BCCE6660035B0DF /* Release */,
			);
			defaultConfigurationIsVisible = 0;
		};
/* End XCConfigurationList section */
	};
	rootObject = 90143E261BCCE6660035B0DF /* Project object */;
}
